
Microsoft Visual Studio Solution File, Format Version 12.00
# Visual Studio Version 16
VisualStudioVersion = 16.0.31624.102
MinimumVisualStudioVersion = 10.0.40219.1
Project("{FAE04EC0-301F-11D3-BF4B-00C04F79EFBC}") = "Basic_ExceptionHandling", "Basic_ExceptionHandling\Basic_ExceptionHandling.csproj", "{EA314A7F-65B8-4262-9F63-8D4F1AAE9F88}"
EndProject
Global
	GlobalSection(SolutionConfigurationPlatforms) = preSolution
		Debug|Any CPU = Debug|Any CPU
		Release|Any CPU = Release|Any CPU
	EndGlobalSection
	GlobalSection(ProjectConfigurationPlatforms) = postSolution
		{EA314A7F-65B8-4262-9F63-8D4F1AAE9F88}.Debug|Any CPU.ActiveCfg = Debug|Any CPU
		{EA314A7F-65B8-4262-9F63-8D4F1AAE9F88}.Debug|Any CPU.Build.0 = Debug|Any CPU
		{EA314A7F-65B8-4262-9F63-8D4F1AAE9F88}.Release|Any CPU.ActiveCfg = Release|Any CPU
		{EA314A7F-65B8-4262-9F63-8D4F1AAE9F88}.Release|Any CPU.Build.0 = Release|Any CPU
	EndGlobalSection
	GlobalSection(SolutionProperties) = preSolution
		HideSolutionNode = FALSE
	EndGlobalSection
	GlobalSection(ExtensibilityGlobals) = postSolution
		SolutionGuid = {3A93F1E2-802B-4BD9-9F0D-3BDEC59B1C43}
	EndGlobalSection
EndGlobal
