
Microsoft Visual Studio Solution File, Format Version 12.00
# Visual Studio Version 16
VisualStudioVersion = 16.0.31624.102
MinimumVisualStudioVersion = 10.0.40219.1
Project("{FAE04EC0-301F-11D3-BF4B-00C04F79EFBC}") = "Basic_QuaTaiToanTu", "Basic_QuaTaiToanTu\Basic_QuaTaiToanTu.csproj", "{3F382B3E-3DC5-4F80-89FA-E26116DC78DA}"
EndProject
Global
	GlobalSection(SolutionConfigurationPlatforms) = preSolution
		Debug|Any CPU = Debug|Any CPU
		Release|Any CPU = Release|Any CPU
	EndGlobalSection
	GlobalSection(ProjectConfigurationPlatforms) = postSolution
		{3F382B3E-3DC5-4F80-89FA-E26116DC78DA}.Debug|Any CPU.ActiveCfg = Debug|Any CPU
		{3F382B3E-3DC5-4F80-89FA-E26116DC78DA}.Debug|Any CPU.Build.0 = Debug|Any CPU
		{3F382B3E-3DC5-4F80-89FA-E26116DC78DA}.Release|Any CPU.ActiveCfg = Release|Any CPU
		{3F382B3E-3DC5-4F80-89FA-E26116DC78DA}.Release|Any CPU.Build.0 = Release|Any CPU
	EndGlobalSection
	GlobalSection(SolutionProperties) = preSolution
		HideSolutionNode = FALSE
	EndGlobalSection
	GlobalSection(ExtensibilityGlobals) = postSolution
		SolutionGuid = {86D6FB07-B228-4FBC-B0C5-7EE8BCF9798D}
	EndGlobalSection
EndGlobal
