
Microsoft Visual Studio Solution File, Format Version 12.00
# Visual Studio Version 16
VisualStudioVersion = 16.0.31624.102
MinimumVisualStudioVersion = 10.0.40219.1
Project("{FAE04EC0-301F-11D3-BF4B-00C04F79EFBC}") = "Basic_Generic", "Basic_Generic\Basic_Generic.csproj", "{1ACD2112-7253-4715-B5D4-CE9C7548E21D}"
EndProject
Global
	GlobalSection(SolutionConfigurationPlatforms) = preSolution
		Debug|Any CPU = Debug|Any CPU
		Release|Any CPU = Release|Any CPU
	EndGlobalSection
	GlobalSection(ProjectConfigurationPlatforms) = postSolution
		{1ACD2112-7253-4715-B5D4-CE9C7548E21D}.Debug|Any CPU.ActiveCfg = Debug|Any CPU
		{1ACD2112-7253-4715-B5D4-CE9C7548E21D}.Debug|Any CPU.Build.0 = Debug|Any CPU
		{1ACD2112-7253-4715-B5D4-CE9C7548E21D}.Release|Any CPU.ActiveCfg = Release|Any CPU
		{1ACD2112-7253-4715-B5D4-CE9C7548E21D}.Release|Any CPU.Build.0 = Release|Any CPU
	EndGlobalSection
	GlobalSection(SolutionProperties) = preSolution
		HideSolutionNode = FALSE
	EndGlobalSection
	GlobalSection(ExtensibilityGlobals) = postSolution
		SolutionGuid = {D9F8D6C0-1F12-4404-AAEA-C989D082C5CA}
	EndGlobalSection
EndGlobal
