
Microsoft Visual Studio Solution File, Format Version 12.00
# Visual Studio Version 16
VisualStudioVersion = 16.0.31624.102
MinimumVisualStudioVersion = 10.0.40219.1
Project("{FAE04EC0-301F-11D3-BF4B-00C04F79EFBC}") = "Basic_Struct_Enum", "Basic_Struct_Enum\Basic_Struct_Enum.csproj", "{42A701C1-E77D-46E2-9648-BBD9723D6E5A}"
EndProject
Global
	GlobalSection(SolutionConfigurationPlatforms) = preSolution
		Debug|Any CPU = Debug|Any CPU
		Release|Any CPU = Release|Any CPU
	EndGlobalSection
	GlobalSection(ProjectConfigurationPlatforms) = postSolution
		{42A701C1-E77D-46E2-9648-BBD9723D6E5A}.Debug|Any CPU.ActiveCfg = Debug|Any CPU
		{42A701C1-E77D-46E2-9648-BBD9723D6E5A}.Debug|Any CPU.Build.0 = Debug|Any CPU
		{42A701C1-E77D-46E2-9648-BBD9723D6E5A}.Release|Any CPU.ActiveCfg = Release|Any CPU
		{42A701C1-E77D-46E2-9648-BBD9723D6E5A}.Release|Any CPU.Build.0 = Release|Any CPU
	EndGlobalSection
	GlobalSection(SolutionProperties) = preSolution
		HideSolutionNode = FALSE
	EndGlobalSection
	GlobalSection(ExtensibilityGlobals) = postSolution
		SolutionGuid = {0E71E88B-EA89-4879-B305-246AB71B0425}
	EndGlobalSection
EndGlobal
