
Microsoft Visual Studio Solution File, Format Version 12.00
# Visual Studio Version 16
VisualStudioVersion = 16.0.31624.102
MinimumVisualStudioVersion = 10.0.40219.1
Project("{FAE04EC0-301F-11D3-BF4B-00C04F79EFBC}") = "Basic_Null_Nullable", "Basic_Null_Nullable\Basic_Null_Nullable.csproj", "{8389B34C-EC60-43E6-9BB6-1D7C8D5A0CB1}"
EndProject
Global
	GlobalSection(SolutionConfigurationPlatforms) = preSolution
		Debug|Any CPU = Debug|Any CPU
		Release|Any CPU = Release|Any CPU
	EndGlobalSection
	GlobalSection(ProjectConfigurationPlatforms) = postSolution
		{8389B34C-EC60-43E6-9BB6-1D7C8D5A0CB1}.Debug|Any CPU.ActiveCfg = Debug|Any CPU
		{8389B34C-EC60-43E6-9BB6-1D7C8D5A0CB1}.Debug|Any CPU.Build.0 = Debug|Any CPU
		{8389B34C-EC60-43E6-9BB6-1D7C8D5A0CB1}.Release|Any CPU.ActiveCfg = Release|Any CPU
		{8389B34C-EC60-43E6-9BB6-1D7C8D5A0CB1}.Release|Any CPU.Build.0 = Release|Any CPU
	EndGlobalSection
	GlobalSection(SolutionProperties) = preSolution
		HideSolutionNode = FALSE
	EndGlobalSection
	GlobalSection(ExtensibilityGlobals) = postSolution
		SolutionGuid = {EB869C85-6E06-4EB6-8B91-A7A818058A0B}
	EndGlobalSection
EndGlobal
